
Microsoft Visual Studio Solution File, Format Version 12.00
# Visual Studio Version 17
VisualStudioVersion = 17.11.35303.130
MinimumVisualStudioVersion = 10.0.40219.1
Project("{FAE04EC0-301F-11D3-BF4B-00C04F79EFBC}") = "Askfm-Clone", "Askfm-Clone\Askfm-Clone.csproj", "{E8F7996D-0650-4973-97D3-2D6A389E9B4B}"
EndProject
Project("{FAE04EC0-301F-11D3-BF4B-00C04F79EFBC}") = "Askfm-Clone.Tests", "Askfm-Clone.Tests\Askfm-Clone.Tests.csproj", "{0D560106-7960-4106-8A5D-E750B276FBCB}"
EndProject
Global
	GlobalSection(SolutionConfigurationPlatforms) = preSolution
		Debug|Any CPU = Debug|Any CPU
		Debug|x64 = Debug|x64
		Debug|x86 = Debug|x86
		Release|Any CPU = Release|Any CPU
		Release|x64 = Release|x64
		Release|x86 = Release|x86
	EndGlobalSection
	GlobalSection(ProjectConfigurationPlatforms) = postSolution
		{E8F7996D-0650-4973-97D3-2D6A389E9B4B}.Debug|Any CPU.ActiveCfg = Debug|Any CPU
		{E8F7996D-0650-4973-97D3-2D6A389E9B4B}.Debug|Any CPU.Build.0 = Debug|Any CPU
		{E8F7996D-0650-4973-97D3-2D6A389E9B4B}.Debug|x64.ActiveCfg = Debug|Any CPU
		{E8F7996D-0650-4973-97D3-2D6A389E9B4B}.Debug|x64.Build.0 = Debug|Any CPU
		{E8F7996D-0650-4973-97D3-2D6A389E9B4B}.Debug|x86.ActiveCfg = Debug|Any CPU
		{E8F7996D-0650-4973-97D3-2D6A389E9B4B}.Debug|x86.Build.0 = Debug|Any CPU
		{E8F7996D-0650-4973-97D3-2D6A389E9B4B}.Release|Any CPU.ActiveCfg = Release|Any CPU
		{E8F7996D-0650-4973-97D3-2D6A389E9B4B}.Release|Any CPU.Build.0 = Release|Any CPU
		{E8F7996D-0650-4973-97D3-2D6A389E9B4B}.Release|x64.ActiveCfg = Release|Any CPU
		{E8F7996D-0650-4973-97D3-2D6A389E9B4B}.Release|x64.Build.0 = Release|Any CPU
		{E8F7996D-0650-4973-97D3-2D6A389E9B4B}.Release|x86.ActiveCfg = Release|Any CPU
		{E8F7996D-0650-4973-97D3-2D6A389E9B4B}.Release|x86.Build.0 = Release|Any CPU
		{0D560106-7960-4106-8A5D-E750B276FBCB}.Debug|Any CPU.ActiveCfg = Debug|Any CPU
		{0D560106-7960-4106-8A5D-E750B276FBCB}.Debug|Any CPU.Build.0 = Debug|Any CPU
		{0D560106-7960-4106-8A5D-E750B276FBCB}.Debug|x64.ActiveCfg = Debug|Any CPU
		{0D560106-7960-4106-8A5D-E750B276FBCB}.Debug|x64.Build.0 = Debug|Any CPU
		{0D560106-7960-4106-8A5D-E750B276FBCB}.Debug|x86.ActiveCfg = Debug|Any CPU
		{0D560106-7960-4106-8A5D-E750B276FBCB}.Debug|x86.Build.0 = Debug|Any CPU
		{0D560106-7960-4106-8A5D-E750B276FBCB}.Release|Any CPU.ActiveCfg = Release|Any CPU
		{0D560106-7960-4106-8A5D-E750B276FBCB}.Release|Any CPU.Build.0 = Release|Any CPU
		{0D560106-7960-4106-8A5D-E750B276FBCB}.Release|x64.ActiveCfg = Release|Any CPU
		{0D560106-7960-4106-8A5D-E750B276FBCB}.Release|x64.Build.0 = Release|Any CPU
		{0D560106-7960-4106-8A5D-E750B276FBCB}.Release|x86.ActiveCfg = Release|Any CPU
		{0D560106-7960-4106-8A5D-E750B276FBCB}.Release|x86.Build.0 = Release|Any CPU
	EndGlobalSection
	GlobalSection(SolutionProperties) = preSolution
		HideSolutionNode = FALSE
	EndGlobalSection
	GlobalSection(ExtensibilityGlobals) = postSolution
		SolutionGuid = {4AF5C157-42B4-474D-8B2D-334D6355BA5D}
	EndGlobalSection
EndGlobal
